
Microsoft Visual Studio Solution File, Format Version 12.00
# Visual Studio 15
VisualStudioVersion = 15.0.27130.2027
MinimumVisualStudioVersion = 10.0.40219.1
Project("{FAE04EC0-301F-11D3-BF4B-00C04F79EFBC}") = "FindTermInWebsite", "FindTermInWebsite\FindTermInWebsite.csproj", "{F91F5C6A-3520-4A6E-AA5E-9C52E80347DC}"
EndProject
Global
	GlobalSection(SolutionConfigurationPlatforms) = preSolution
		Debug|Any CPU = Debug|Any CPU
		Release|Any CPU = Release|Any CPU
	EndGlobalSection
	GlobalSection(ProjectConfigurationPlatforms) = postSolution
		{F91F5C6A-3520-4A6E-AA5E-9C52E80347DC}.Debug|Any CPU.ActiveCfg = Debug|Any CPU
		{F91F5C6A-3520-4A6E-AA5E-9C52E80347DC}.Debug|Any CPU.Build.0 = Debug|Any CPU
		{F91F5C6A-3520-4A6E-AA5E-9C52E80347DC}.Release|Any CPU.ActiveCfg = Release|Any CPU
		{F91F5C6A-3520-4A6E-AA5E-9C52E80347DC}.Release|Any CPU.Build.0 = Release|Any CPU
	EndGlobalSection
	GlobalSection(SolutionProperties) = preSolution
		HideSolutionNode = FALSE
	EndGlobalSection
	GlobalSection(ExtensibilityGlobals) = postSolution
		SolutionGuid = {1C0F6528-6AA6-4833-B48A-20A84AE78433}
	EndGlobalSection
EndGlobal
